hash: 71ee5c0a48c99fd7c5362002bcce61fcbc48aa258d87b230b366a409d22ead28
updated: 2016-11-10T21:41:20.71556577-02:00
imports:
- name: github.com/hashicorp/go-version
  version: e96d3840402619007766590ecea8dd7af1292276
- name: github.com/inconshreveable/mousetrap
  version: 76626ae9c91c4f2a10f34cad8ce83ea42c93bb75
- name: github.com/onsi/ginkgo
  version: 45a5f6ffb2a14e4f29698c16ae4c0a34018a8951
  subpackages:
  - config
  - ginkgo
  - internal/codelocation
  - internal/containernode
  - internal/failer
  - internal/leafnodes
  - internal/remote
  - internal/spec
  - internal/specrunner
  - internal/suite
  - internal/testingtproxy
  - internal/writer
  - reporters
  - reporters/stenographer
  - types
- name: github.com/onsi/gomega
  version: d59fa0ac68bb5dd932ee8d24eed631cdd519efc3
  subpackages:
  - format
  - internal/assertion
  - internal/asyncassertion
  - internal/oraclematcher
  - internal/testingtsupport
  - matchers
  - matchers/support/goraph/bipartitegraph
  - matchers/support/goraph/edge
  - matchers/support/goraph/node
  - matchers/support/goraph/util
  - types
- name: github.com/satori/go.uuid
  version: b061729afc07e77a8aa4fad0a2fd840958f1942a
- name: github.com/spf13/cobra
  version: 9c28e4bbd74e5c3ed7aacbc552b2cab7cfdfe744
- name: github.com/spf13/pflag
  version: b83537d79690b75cac5e021b036ae16792bf0f20
- name: github.com/spf13/viper
  version: 670c42a85b2a2215949acd943cb8f11add317e3f
- name: github.com/uber-go/zap
  version: c4939d1166b2220bb45338e21506623b4bbdec50
testImports:
- name: golang.org/x/sys
  version: 8d1157a435470616f975ff9bb013bea8d0962067
  subpackages:
  - unix
- name: gopkg.in/yaml.v2
  version: a5b47d31c556af34a302ce5d659e6fea44d90de0
